
Microsoft Visual Studio Solution File, Format Version 12.00
# Visual Studio 2012
Project("{FAE04EC0-301F-11D3-BF4B-00C04F79EFBC}") = "Fireworks", "Fireworks\Fireworks.csproj", "{DF9CFCFA-4C07-41C0-8E95-65E3161CBEF9}"
EndProject
Global
	GlobalSection(SolutionConfigurationPlatforms) = preSolution
		Debug|iPhoneSimulator = Debug|iPhoneSimulator
		Release|iPhone = Release|iPhone
		Release|iPhoneSimulator = Release|iPhoneSimulator
		Debug|iPhone = Debug|iPhone
		Debug|Any CPU = Debug|Any CPU
		Release|Any CPU = Release|Any CPU
	EndGlobalSection
	GlobalSection(ProjectConfigurationPlatforms) = postSolution
		{DF9CFCFA-4C07-41C0-8E95-65E3161CBEF9}.Debug|Any CPU.ActiveCfg = Debug|iPhoneSimulator
		{DF9CFCFA-4C07-41C0-8E95-65E3161CBEF9}.Debug|Any CPU.Build.0 = Debug|iPhoneSimulator
		{DF9CFCFA-4C07-41C0-8E95-65E3161CBEF9}.Debug|iPhone.ActiveCfg = Debug|iPhone
		{DF9CFCFA-4C07-41C0-8E95-65E3161CBEF9}.Debug|iPhone.Build.0 = Debug|iPhone
		{DF9CFCFA-4C07-41C0-8E95-65E3161CBEF9}.Debug|iPhoneSimulator.ActiveCfg = Debug|iPhoneSimulator
		{DF9CFCFA-4C07-41C0-8E95-65E3161CBEF9}.Debug|iPhoneSimulator.Build.0 = Debug|iPhoneSimulator
		{DF9CFCFA-4C07-41C0-8E95-65E3161CBEF9}.Release|Any CPU.ActiveCfg = Release|iPhone
		{DF9CFCFA-4C07-41C0-8E95-65E3161CBEF9}.Release|Any CPU.Build.0 = Release|iPhone
		{DF9CFCFA-4C07-41C0-8E95-65E3161CBEF9}.Release|iPhone.ActiveCfg = Release|iPhone
		{DF9CFCFA-4C07-41C0-8E95-65E3161CBEF9}.Release|iPhone.Build.0 = Release|iPhone
		{DF9CFCFA-4C07-41C0-8E95-65E3161CBEF9}.Release|iPhoneSimulator.ActiveCfg = Release|iPhoneSimulator
		{DF9CFCFA-4C07-41C0-8E95-65E3161CBEF9}.Release|iPhoneSimulator.Build.0 = Release|iPhoneSimulator
	EndGlobalSection
EndGlobal
