
Microsoft Visual Studio Solution File, Format Version 12.00
# Visual Studio 2012
Project("{FAE04EC0-301F-11D3-BF4B-00C04F79EFBC}") = "XamarinUniversity", "XamarinUniversity\XamarinUniversity.csproj", "{D30B8C84-BC30-46C0-A7D1-3022E58CE844}"
EndProject
Global
	GlobalSection(SolutionConfigurationPlatforms) = preSolution
		Debug|Any CPU = Debug|Any CPU
		Release|Any CPU = Release|Any CPU
	EndGlobalSection
	GlobalSection(ProjectConfigurationPlatforms) = postSolution
		{D30B8C84-BC30-46C0-A7D1-3022E58CE844}.Debug|Any CPU.ActiveCfg = Debug|Any CPU
		{D30B8C84-BC30-46C0-A7D1-3022E58CE844}.Debug|Any CPU.Build.0 = Debug|Any CPU
		{D30B8C84-BC30-46C0-A7D1-3022E58CE844}.Release|Any CPU.ActiveCfg = Release|Any CPU
		{D30B8C84-BC30-46C0-A7D1-3022E58CE844}.Release|Any CPU.Build.0 = Release|Any CPU
	EndGlobalSection
EndGlobal
