
Microsoft Visual Studio Solution File, Format Version 12.00
# Visual Studio 2012
Project("{FAE04EC0-301F-11D3-BF4B-00C04F79EFBC}") = "XamarinUniversityInstructors", "XamarinUniversityInstructors\XamarinUniversityInstructors.csproj", "{1A350F66-D451-4038-896B-E6FA9E116848}"
EndProject
Global
	GlobalSection(SolutionConfigurationPlatforms) = preSolution
		Debug|Any CPU = Debug|Any CPU
		Release|Any CPU = Release|Any CPU
	EndGlobalSection
	GlobalSection(ProjectConfigurationPlatforms) = postSolution
		{1A350F66-D451-4038-896B-E6FA9E116848}.Debug|Any CPU.ActiveCfg = Debug|Any CPU
		{1A350F66-D451-4038-896B-E6FA9E116848}.Debug|Any CPU.Build.0 = Debug|Any CPU
		{1A350F66-D451-4038-896B-E6FA9E116848}.Release|Any CPU.ActiveCfg = Release|Any CPU
		{1A350F66-D451-4038-896B-E6FA9E116848}.Release|Any CPU.Build.0 = Release|Any CPU
	EndGlobalSection
EndGlobal
