
Microsoft Visual Studio Solution File, Format Version 12.00
# Visual Studio 14
VisualStudioVersion = 14.0.25420.1
MinimumVisualStudioVersion = 10.0.40219.1
Project("{FAE04EC0-301F-11D3-BF4B-00C04F79EFBC}") = "Phoneword", "Phoneword\Phoneword\Phoneword.csproj", "{EBEBD596-352F-45B7-9AF2-E4B3378B813E}"
EndProject
Project("{FAE04EC0-301F-11D3-BF4B-00C04F79EFBC}") = "Phoneword.Droid", "Phoneword\Phoneword.Droid\Phoneword.Droid.csproj", "{61F0F04B-0F42-45A0-802F-E31BE585BE69}"
EndProject
Project("{FAE04EC0-301F-11D3-BF4B-00C04F79EFBC}") = "Phoneword.iOS", "Phoneword\Phoneword.iOS\Phoneword.iOS.csproj", "{2BA0805D-3C8E-4F19-9268-B4A86DF61C16}"
EndProject
Project("{FAE04EC0-301F-11D3-BF4B-00C04F79EFBC}") = "Phoneword.WinPhone", "Phoneword\Phoneword.WinPhone\Phoneword.WinPhone.csproj", "{5522EA03-0204-4194-AAFA-960602E8A1BF}"
EndProject
Project("{FAE04EC0-301F-11D3-BF4B-00C04F79EFBC}") = "Phoneword.UWP", "Phoneword\Phoneword.UWP\Phoneword.UWP.csproj", "{6BB1A5A3-FA35-4D9C-8872-B23301CA49B8}"
EndProject
Project("{FAE04EC0-301F-11D3-BF4B-00C04F79EFBC}") = "Phoneword.Windows", "Phoneword\Phoneword.Windows\Phoneword.Windows.csproj", "{CCDA1257-CB4B-4628-968B-2ABF3F3858C9}"
EndProject
Global
	GlobalSection(SolutionConfigurationPlatforms) = preSolution
		Ad-Hoc|Any CPU = Ad-Hoc|Any CPU
		Ad-Hoc|ARM = Ad-Hoc|ARM
		Ad-Hoc|iPhone = Ad-Hoc|iPhone
		Ad-Hoc|iPhoneSimulator = Ad-Hoc|iPhoneSimulator
		Ad-Hoc|x64 = Ad-Hoc|x64
		Ad-Hoc|x86 = Ad-Hoc|x86
		AppStore|Any CPU = AppStore|Any CPU
		AppStore|ARM = AppStore|ARM
		AppStore|iPhone = AppStore|iPhone
		AppStore|iPhoneSimulator = AppStore|iPhoneSimulator
		AppStore|x64 = AppStore|x64
		AppStore|x86 = AppStore|x86
		Debug|Any CPU = Debug|Any CPU
		Debug|ARM = Debug|ARM
		Debug|iPhone = Debug|iPhone
		Debug|iPhoneSimulator = Debug|iPhoneSimulator
		Debug|x64 = Debug|x64
		Debug|x86 = Debug|x86
		Release|Any CPU = Release|Any CPU
		Release|ARM = Release|ARM
		Release|iPhone = Release|iPhone
		Release|iPhoneSimulator = Release|iPhoneSimulator
		Release|x64 = Release|x64
		Release|x86 = Release|x86
	EndGlobalSection
	GlobalSection(ProjectConfigurationPlatforms) = postSolution
		{EBEBD596-352F-45B7-9AF2-E4B3378B813E}.Ad-Hoc|Any CPU.ActiveCfg = Release|Any CPU
		{EBEBD596-352F-45B7-9AF2-E4B3378B813E}.Ad-Hoc|Any CPU.Build.0 = Release|Any CPU
		{EBEBD596-352F-45B7-9AF2-E4B3378B813E}.Ad-Hoc|ARM.ActiveCfg = Release|Any CPU
		{EBEBD596-352F-45B7-9AF2-E4B3378B813E}.Ad-Hoc|ARM.Build.0 = Release|Any CPU
		{EBEBD596-352F-45B7-9AF2-E4B3378B813E}.Ad-Hoc|iPhone.ActiveCfg = Release|Any CPU
		{EBEBD596-352F-45B7-9AF2-E4B3378B813E}.Ad-Hoc|iPhone.Build.0 = Release|Any CPU
		{EBEBD596-352F-45B7-9AF2-E4B3378B813E}.Ad-Hoc|iPhoneSimulator.ActiveCfg = Release|Any CPU
		{EBEBD596-352F-45B7-9AF2-E4B3378B813E}.Ad-Hoc|iPhoneSimulator.Build.0 = Release|Any CPU
		{EBEBD596-352F-45B7-9AF2-E4B3378B813E}.Ad-Hoc|x64.ActiveCfg = Release|Any CPU
		{EBEBD596-352F-45B7-9AF2-E4B3378B813E}.Ad-Hoc|x64.Build.0 = Release|Any CPU
		{EBEBD596-352F-45B7-9AF2-E4B3378B813E}.Ad-Hoc|x86.ActiveCfg = Release|Any CPU
		{EBEBD596-352F-45B7-9AF2-E4B3378B813E}.Ad-Hoc|x86.Build.0 = Release|Any CPU
		{EBEBD596-352F-45B7-9AF2-E4B3378B813E}.AppStore|Any CPU.ActiveCfg = Release|Any CPU
		{EBEBD596-352F-45B7-9AF2-E4B3378B813E}.AppStore|Any CPU.Build.0 = Release|Any CPU
		{EBEBD596-352F-45B7-9AF2-E4B3378B813E}.AppStore|ARM.ActiveCfg = Release|Any CPU
		{EBEBD596-352F-45B7-9AF2-E4B3378B813E}.AppStore|ARM.Build.0 = Release|Any CPU
		{EBEBD596-352F-45B7-9AF2-E4B3378B813E}.AppStore|iPhone.ActiveCfg = Release|Any CPU
		{EBEBD596-352F-45B7-9AF2-E4B3378B813E}.AppStore|iPhone.Build.0 = Release|Any CPU
		{EBEBD596-352F-45B7-9AF2-E4B3378B813E}.AppStore|iPhoneSimulator.ActiveCfg = Release|Any CPU
		{EBEBD596-352F-45B7-9AF2-E4B3378B813E}.AppStore|iPhoneSimulator.Build.0 = Release|Any CPU
		{EBEBD596-352F-45B7-9AF2-E4B3378B813E}.AppStore|x64.ActiveCfg = Release|Any CPU
		{EBEBD596-352F-45B7-9AF2-E4B3378B813E}.AppStore|x64.Build.0 = Release|Any CPU
		{EBEBD596-352F-45B7-9AF2-E4B3378B813E}.AppStore|x86.ActiveCfg = Release|Any CPU
		{EBEBD596-352F-45B7-9AF2-E4B3378B813E}.AppStore|x86.Build.0 = Release|Any CPU
		{EBEBD596-352F-45B7-9AF2-E4B3378B813E}.Debug|Any CPU.ActiveCfg = Debug|Any CPU
		{EBEBD596-352F-45B7-9AF2-E4B3378B813E}.Debug|Any CPU.Build.0 = Debug|Any CPU
		{EBEBD596-352F-45B7-9AF2-E4B3378B813E}.Debug|ARM.ActiveCfg = Debug|Any CPU
		{EBEBD596-352F-45B7-9AF2-E4B3378B813E}.Debug|ARM.Build.0 = Debug|Any CPU
		{EBEBD596-352F-45B7-9AF2-E4B3378B813E}.Debug|iPhone.ActiveCfg = Debug|Any CPU
		{EBEBD596-352F-45B7-9AF2-E4B3378B813E}.Debug|iPhone.Build.0 = Debug|Any CPU
		{EBEBD596-352F-45B7-9AF2-E4B3378B813E}.Debug|iPhoneSimulator.ActiveCfg = Debug|Any CPU
		{EBEBD596-352F-45B7-9AF2-E4B3378B813E}.Debug|iPhoneSimulator.Build.0 = Debug|Any CPU
		{EBEBD596-352F-45B7-9AF2-E4B3378B813E}.Debug|x64.ActiveCfg = Debug|Any CPU
		{EBEBD596-352F-45B7-9AF2-E4B3378B813E}.Debug|x64.Build.0 = Debug|Any CPU
		{EBEBD596-352F-45B7-9AF2-E4B3378B813E}.Debug|x86.ActiveCfg = Debug|Any CPU
		{EBEBD596-352F-45B7-9AF2-E4B3378B813E}.Debug|x86.Build.0 = Debug|Any CPU
		{EBEBD596-352F-45B7-9AF2-E4B3378B813E}.Release|Any CPU.ActiveCfg = Release|Any CPU
		{EBEBD596-352F-45B7-9AF2-E4B3378B813E}.Release|Any CPU.Build.0 = Release|Any CPU
		{EBEBD596-352F-45B7-9AF2-E4B3378B813E}.Release|ARM.ActiveCfg = Release|Any CPU
		{EBEBD596-352F-45B7-9AF2-E4B3378B813E}.Release|ARM.Build.0 = Release|Any CPU
		{EBEBD596-352F-45B7-9AF2-E4B3378B813E}.Release|iPhone.ActiveCfg = Release|Any CPU
		{EBEBD596-352F-45B7-9AF2-E4B3378B813E}.Release|iPhone.Build.0 = Release|Any CPU
		{EBEBD596-352F-45B7-9AF2-E4B3378B813E}.Release|iPhoneSimulator.ActiveCfg = Release|Any CPU
		{EBEBD596-352F-45B7-9AF2-E4B3378B813E}.Release|iPhoneSimulator.Build.0 = Release|Any CPU
		{EBEBD596-352F-45B7-9AF2-E4B3378B813E}.Release|x64.ActiveCfg = Release|Any CPU
		{EBEBD596-352F-45B7-9AF2-E4B3378B813E}.Release|x64.Build.0 = Release|Any CPU
		{EBEBD596-352F-45B7-9AF2-E4B3378B813E}.Release|x86.ActiveCfg = Release|Any CPU
		{EBEBD596-352F-45B7-9AF2-E4B3378B813E}.Release|x86.Build.0 = Release|Any CPU
		{61F0F04B-0F42-45A0-802F-E31BE585BE69}.Ad-Hoc|Any CPU.ActiveCfg = Release|Any CPU
		{61F0F04B-0F42-45A0-802F-E31BE585BE69}.Ad-Hoc|Any CPU.Build.0 = Release|Any CPU
		{61F0F04B-0F42-45A0-802F-E31BE585BE69}.Ad-Hoc|Any CPU.Deploy.0 = Release|Any CPU
		{61F0F04B-0F42-45A0-802F-E31BE585BE69}.Ad-Hoc|ARM.ActiveCfg = Release|Any CPU
		{61F0F04B-0F42-45A0-802F-E31BE585BE69}.Ad-Hoc|ARM.Build.0 = Release|Any CPU
		{61F0F04B-0F42-45A0-802F-E31BE585BE69}.Ad-Hoc|ARM.Deploy.0 = Release|Any CPU
		{61F0F04B-0F42-45A0-802F-E31BE585BE69}.Ad-Hoc|iPhone.ActiveCfg = Release|Any CPU
		{61F0F04B-0F42-45A0-802F-E31BE585BE69}.Ad-Hoc|iPhone.Build.0 = Release|Any CPU
		{61F0F04B-0F42-45A0-802F-E31BE585BE69}.Ad-Hoc|iPhone.Deploy.0 = Release|Any CPU
		{61F0F04B-0F42-45A0-802F-E31BE585BE69}.Ad-Hoc|iPhoneSimulator.ActiveCfg = Release|Any CPU
		{61F0F04B-0F42-45A0-802F-E31BE585BE69}.Ad-Hoc|iPhoneSimulator.Build.0 = Release|Any CPU
		{61F0F04B-0F42-45A0-802F-E31BE585BE69}.Ad-Hoc|iPhoneSimulator.Deploy.0 = Release|Any CPU
		{61F0F04B-0F42-45A0-802F-E31BE585BE69}.Ad-Hoc|x64.ActiveCfg = Release|Any CPU
		{61F0F04B-0F42-45A0-802F-E31BE585BE69}.Ad-Hoc|x64.Build.0 = Release|Any CPU
		{61F0F04B-0F42-45A0-802F-E31BE585BE69}.Ad-Hoc|x64.Deploy.0 = Release|Any CPU
		{61F0F04B-0F42-45A0-802F-E31BE585BE69}.Ad-Hoc|x86.ActiveCfg = Release|Any CPU
		{61F0F04B-0F42-45A0-802F-E31BE585BE69}.Ad-Hoc|x86.Build.0 = Release|Any CPU
		{61F0F04B-0F42-45A0-802F-E31BE585BE69}.Ad-Hoc|x86.Deploy.0 = Release|Any CPU
		{61F0F04B-0F42-45A0-802F-E31BE585BE69}.AppStore|Any CPU.ActiveCfg = Release|Any CPU
		{61F0F04B-0F42-45A0-802F-E31BE585BE69}.AppStore|Any CPU.Build.0 = Release|Any CPU
		{61F0F04B-0F42-45A0-802F-E31BE585BE69}.AppStore|Any CPU.Deploy.0 = Release|Any CPU
		{61F0F04B-0F42-45A0-802F-E31BE585BE69}.AppStore|ARM.ActiveCfg = Release|Any CPU
		{61F0F04B-0F42-45A0-802F-E31BE585BE69}.AppStore|ARM.Build.0 = Release|Any CPU
		{61F0F04B-0F42-45A0-802F-E31BE585BE69}.AppStore|ARM.Deploy.0 = Release|Any CPU
		{61F0F04B-0F42-45A0-802F-E31BE585BE69}.AppStore|iPhone.ActiveCfg = Release|Any CPU
		{61F0F04B-0F42-45A0-802F-E31BE585BE69}.AppStore|iPhone.Build.0 = Release|Any CPU
		{61F0F04B-0F42-45A0-802F-E31BE585BE69}.AppStore|iPhone.Deploy.0 = Release|Any CPU
		{61F0F04B-0F42-45A0-802F-E31BE585BE69}.AppStore|iPhoneSimulator.ActiveCfg = Release|Any CPU
		{61F0F04B-0F42-45A0-802F-E31BE585BE69}.AppStore|iPhoneSimulator.Build.0 = Release|Any CPU
		{61F0F04B-0F42-45A0-802F-E31BE585BE69}.AppStore|iPhoneSimulator.Deploy.0 = Release|Any CPU
		{61F0F04B-0F42-45A0-802F-E31BE585BE69}.AppStore|x64.ActiveCfg = Release|Any CPU
		{61F0F04B-0F42-45A0-802F-E31BE585BE69}.AppStore|x64.Build.0 = Release|Any CPU
		{61F0F04B-0F42-45A0-802F-E31BE585BE69}.AppStore|x64.Deploy.0 = Release|Any CPU
		{61F0F04B-0F42-45A0-802F-E31BE585BE69}.AppStore|x86.ActiveCfg = Release|Any CPU
		{61F0F04B-0F42-45A0-802F-E31BE585BE69}.AppStore|x86.Build.0 = Release|Any CPU
		{61F0F04B-0F42-45A0-802F-E31BE585BE69}.AppStore|x86.Deploy.0 = Release|Any CPU
		{61F0F04B-0F42-45A0-802F-E31BE585BE69}.Debug|Any CPU.ActiveCfg = Debug|Any CPU
		{61F0F04B-0F42-45A0-802F-E31BE585BE69}.Debug|Any CPU.Build.0 = Debug|Any CPU
		{61F0F04B-0F42-45A0-802F-E31BE585BE69}.Debug|Any CPU.Deploy.0 = Debug|Any CPU
		{61F0F04B-0F42-45A0-802F-E31BE585BE69}.Debug|ARM.ActiveCfg = Debug|Any CPU
		{61F0F04B-0F42-45A0-802F-E31BE585BE69}.Debug|ARM.Build.0 = Debug|Any CPU
		{61F0F04B-0F42-45A0-802F-E31BE585BE69}.Debug|ARM.Deploy.0 = Debug|Any CPU
		{61F0F04B-0F42-45A0-802F-E31BE585BE69}.Debug|iPhone.ActiveCfg = Debug|Any CPU
		{61F0F04B-0F42-45A0-802F-E31BE585BE69}.Debug|iPhone.Build.0 = Debug|Any CPU
		{61F0F04B-0F42-45A0-802F-E31BE585BE69}.Debug|iPhone.Deploy.0 = Debug|Any CPU
		{61F0F04B-0F42-45A0-802F-E31BE585BE69}.Debug|iPhoneSimulator.ActiveCfg = Debug|Any CPU
		{61F0F04B-0F42-45A0-802F-E31BE585BE69}.Debug|iPhoneSimulator.Build.0 = Debug|Any CPU
		{61F0F04B-0F42-45A0-802F-E31BE585BE69}.Debug|iPhoneSimulator.Deploy.0 = Debug|Any CPU
		{61F0F04B-0F42-45A0-802F-E31BE585BE69}.Debug|x64.ActiveCfg = Debug|Any CPU
		{61F0F04B-0F42-45A0-802F-E31BE585BE69}.Debug|x64.Build.0 = Debug|Any CPU
		{61F0F04B-0F42-45A0-802F-E31BE585BE69}.Debug|x64.Deploy.0 = Debug|Any CPU
		{61F0F04B-0F42-45A0-802F-E31BE585BE69}.Debug|x86.ActiveCfg = Debug|Any CPU
		{61F0F04B-0F42-45A0-802F-E31BE585BE69}.Debug|x86.Build.0 = Debug|Any CPU
		{61F0F04B-0F42-45A0-802F-E31BE585BE69}.Debug|x86.Deploy.0 = Debug|Any CPU
		{61F0F04B-0F42-45A0-802F-E31BE585BE69}.Release|Any CPU.ActiveCfg = Release|Any CPU
		{61F0F04B-0F42-45A0-802F-E31BE585BE69}.Release|Any CPU.Build.0 = Release|Any CPU
		{61F0F04B-0F42-45A0-802F-E31BE585BE69}.Release|Any CPU.Deploy.0 = Release|Any CPU
		{61F0F04B-0F42-45A0-802F-E31BE585BE69}.Release|ARM.ActiveCfg = Release|Any CPU
		{61F0F04B-0F42-45A0-802F-E31BE585BE69}.Release|ARM.Build.0 = Release|Any CPU
		{61F0F04B-0F42-45A0-802F-E31BE585BE69}.Release|ARM.Deploy.0 = Release|Any CPU
		{61F0F04B-0F42-45A0-802F-E31BE585BE69}.Release|iPhone.ActiveCfg = Release|Any CPU
		{61F0F04B-0F42-45A0-802F-E31BE585BE69}.Release|iPhone.Build.0 = Release|Any CPU
		{61F0F04B-0F42-45A0-802F-E31BE585BE69}.Release|iPhone.Deploy.0 = Release|Any CPU
		{61F0F04B-0F42-45A0-802F-E31BE585BE69}.Release|iPhoneSimulator.ActiveCfg = Release|Any CPU
		{61F0F04B-0F42-45A0-802F-E31BE585BE69}.Release|iPhoneSimulator.Build.0 = Release|Any CPU
		{61F0F04B-0F42-45A0-802F-E31BE585BE69}.Release|iPhoneSimulator.Deploy.0 = Release|Any CPU
		{61F0F04B-0F42-45A0-802F-E31BE585BE69}.Release|x64.ActiveCfg = Release|Any CPU
		{61F0F04B-0F42-45A0-802F-E31BE585BE69}.Release|x64.Build.0 = Release|Any CPU
		{61F0F04B-0F42-45A0-802F-E31BE585BE69}.Release|x64.Deploy.0 = Release|Any CPU
		{61F0F04B-0F42-45A0-802F-E31BE585BE69}.Release|x86.ActiveCfg = Release|Any CPU
		{61F0F04B-0F42-45A0-802F-E31BE585BE69}.Release|x86.Build.0 = Release|Any CPU
		{61F0F04B-0F42-45A0-802F-E31BE585BE69}.Release|x86.Deploy.0 = Release|Any CPU
		{2BA0805D-3C8E-4F19-9268-B4A86DF61C16}.Ad-Hoc|Any CPU.ActiveCfg = Ad-Hoc|iPhone
		{2BA0805D-3C8E-4F19-9268-B4A86DF61C16}.Ad-Hoc|ARM.ActiveCfg = Ad-Hoc|iPhone
		{2BA0805D-3C8E-4F19-9268-B4A86DF61C16}.Ad-Hoc|iPhone.ActiveCfg = Ad-Hoc|iPhone
		{2BA0805D-3C8E-4F19-9268-B4A86DF61C16}.Ad-Hoc|iPhone.Build.0 = Ad-Hoc|iPhone
		{2BA0805D-3C8E-4F19-9268-B4A86DF61C16}.Ad-Hoc|iPhoneSimulator.ActiveCfg = Ad-Hoc|iPhoneSimulator
		{2BA0805D-3C8E-4F19-9268-B4A86DF61C16}.Ad-Hoc|iPhoneSimulator.Build.0 = Ad-Hoc|iPhoneSimulator
		{2BA0805D-3C8E-4F19-9268-B4A86DF61C16}.Ad-Hoc|x64.ActiveCfg = Ad-Hoc|iPhone
		{2BA0805D-3C8E-4F19-9268-B4A86DF61C16}.Ad-Hoc|x86.ActiveCfg = Ad-Hoc|iPhone
		{2BA0805D-3C8E-4F19-9268-B4A86DF61C16}.AppStore|Any CPU.ActiveCfg = AppStore|iPhone
		{2BA0805D-3C8E-4F19-9268-B4A86DF61C16}.AppStore|ARM.ActiveCfg = AppStore|iPhone
		{2BA0805D-3C8E-4F19-9268-B4A86DF61C16}.AppStore|iPhone.ActiveCfg = AppStore|iPhone
		{2BA0805D-3C8E-4F19-9268-B4A86DF61C16}.AppStore|iPhone.Build.0 = AppStore|iPhone
		{2BA0805D-3C8E-4F19-9268-B4A86DF61C16}.AppStore|iPhoneSimulator.ActiveCfg = AppStore|iPhoneSimulator
		{2BA0805D-3C8E-4F19-9268-B4A86DF61C16}.AppStore|iPhoneSimulator.Build.0 = AppStore|iPhoneSimulator
		{2BA0805D-3C8E-4F19-9268-B4A86DF61C16}.AppStore|x64.ActiveCfg = AppStore|iPhone
		{2BA0805D-3C8E-4F19-9268-B4A86DF61C16}.AppStore|x86.ActiveCfg = AppStore|iPhone
		{2BA0805D-3C8E-4F19-9268-B4A86DF61C16}.Debug|Any CPU.ActiveCfg = Debug|iPhone
		{2BA0805D-3C8E-4F19-9268-B4A86DF61C16}.Debug|ARM.ActiveCfg = Debug|iPhone
		{2BA0805D-3C8E-4F19-9268-B4A86DF61C16}.Debug|iPhone.ActiveCfg = Debug|iPhone
		{2BA0805D-3C8E-4F19-9268-B4A86DF61C16}.Debug|iPhone.Build.0 = Debug|iPhone
		{2BA0805D-3C8E-4F19-9268-B4A86DF61C16}.Debug|iPhoneSimulator.ActiveCfg = Debug|iPhoneSimulator
		{2BA0805D-3C8E-4F19-9268-B4A86DF61C16}.Debug|iPhoneSimulator.Build.0 = Debug|iPhoneSimulator
		{2BA0805D-3C8E-4F19-9268-B4A86DF61C16}.Debug|x64.ActiveCfg = Debug|iPhone
		{2BA0805D-3C8E-4F19-9268-B4A86DF61C16}.Debug|x86.ActiveCfg = Debug|iPhone
		{2BA0805D-3C8E-4F19-9268-B4A86DF61C16}.Release|Any CPU.ActiveCfg = Release|iPhone
		{2BA0805D-3C8E-4F19-9268-B4A86DF61C16}.Release|ARM.ActiveCfg = Release|iPhone
		{2BA0805D-3C8E-4F19-9268-B4A86DF61C16}.Release|iPhone.ActiveCfg = Release|iPhone
		{2BA0805D-3C8E-4F19-9268-B4A86DF61C16}.Release|iPhone.Build.0 = Release|iPhone
		{2BA0805D-3C8E-4F19-9268-B4A86DF61C16}.Release|iPhoneSimulator.ActiveCfg = Release|iPhoneSimulator
		{2BA0805D-3C8E-4F19-9268-B4A86DF61C16}.Release|iPhoneSimulator.Build.0 = Release|iPhoneSimulator
		{2BA0805D-3C8E-4F19-9268-B4A86DF61C16}.Release|x64.ActiveCfg = Release|iPhone
		{2BA0805D-3C8E-4F19-9268-B4A86DF61C16}.Release|x86.ActiveCfg = Release|iPhone
		{5522EA03-0204-4194-AAFA-960602E8A1BF}.Ad-Hoc|Any CPU.ActiveCfg = Release|Any CPU
		{5522EA03-0204-4194-AAFA-960602E8A1BF}.Ad-Hoc|Any CPU.Build.0 = Release|Any CPU
		{5522EA03-0204-4194-AAFA-960602E8A1BF}.Ad-Hoc|Any CPU.Deploy.0 = Release|Any CPU
		{5522EA03-0204-4194-AAFA-960602E8A1BF}.Ad-Hoc|ARM.ActiveCfg = Release|ARM
		{5522EA03-0204-4194-AAFA-960602E8A1BF}.Ad-Hoc|ARM.Build.0 = Release|ARM
		{5522EA03-0204-4194-AAFA-960602E8A1BF}.Ad-Hoc|ARM.Deploy.0 = Release|ARM
		{5522EA03-0204-4194-AAFA-960602E8A1BF}.Ad-Hoc|iPhone.ActiveCfg = Release|Any CPU
		{5522EA03-0204-4194-AAFA-960602E8A1BF}.Ad-Hoc|iPhone.Build.0 = Release|Any CPU
		{5522EA03-0204-4194-AAFA-960602E8A1BF}.Ad-Hoc|iPhone.Deploy.0 = Release|Any CPU
		{5522EA03-0204-4194-AAFA-960602E8A1BF}.Ad-Hoc|iPhoneSimulator.ActiveCfg = Release|Any CPU
		{5522EA03-0204-4194-AAFA-960602E8A1BF}.Ad-Hoc|iPhoneSimulator.Build.0 = Release|Any CPU
		{5522EA03-0204-4194-AAFA-960602E8A1BF}.Ad-Hoc|iPhoneSimulator.Deploy.0 = Release|Any CPU
		{5522EA03-0204-4194-AAFA-960602E8A1BF}.Ad-Hoc|x64.ActiveCfg = Release|Any CPU
		{5522EA03-0204-4194-AAFA-960602E8A1BF}.Ad-Hoc|x64.Build.0 = Release|Any CPU
		{5522EA03-0204-4194-AAFA-960602E8A1BF}.Ad-Hoc|x64.Deploy.0 = Release|Any CPU
		{5522EA03-0204-4194-AAFA-960602E8A1BF}.Ad-Hoc|x86.ActiveCfg = Release|x86
		{5522EA03-0204-4194-AAFA-960602E8A1BF}.Ad-Hoc|x86.Build.0 = Release|x86
		{5522EA03-0204-4194-AAFA-960602E8A1BF}.Ad-Hoc|x86.Deploy.0 = Release|x86
		{5522EA03-0204-4194-AAFA-960602E8A1BF}.AppStore|Any CPU.ActiveCfg = Release|Any CPU
		{5522EA03-0204-4194-AAFA-960602E8A1BF}.AppStore|Any CPU.Build.0 = Release|Any CPU
		{5522EA03-0204-4194-AAFA-960602E8A1BF}.AppStore|Any CPU.Deploy.0 = Release|Any CPU
		{5522EA03-0204-4194-AAFA-960602E8A1BF}.AppStore|ARM.ActiveCfg = Release|ARM
		{5522EA03-0204-4194-AAFA-960602E8A1BF}.AppStore|ARM.Build.0 = Release|ARM
		{5522EA03-0204-4194-AAFA-960602E8A1BF}.AppStore|ARM.Deploy.0 = Release|ARM
		{5522EA03-0204-4194-AAFA-960602E8A1BF}.AppStore|iPhone.ActiveCfg = Release|Any CPU
		{5522EA03-0204-4194-AAFA-960602E8A1BF}.AppStore|iPhone.Build.0 = Release|Any CPU
		{5522EA03-0204-4194-AAFA-960602E8A1BF}.AppStore|iPhone.Deploy.0 = Release|Any CPU
		{5522EA03-0204-4194-AAFA-960602E8A1BF}.AppStore|iPhoneSimulator.ActiveCfg = Release|Any CPU
		{5522EA03-0204-4194-AAFA-960602E8A1BF}.AppStore|iPhoneSimulator.Build.0 = Release|Any CPU
		{5522EA03-0204-4194-AAFA-960602E8A1BF}.AppStore|iPhoneSimulator.Deploy.0 = Release|Any CPU
		{5522EA03-0204-4194-AAFA-960602E8A1BF}.AppStore|x64.ActiveCfg = Release|Any CPU
		{5522EA03-0204-4194-AAFA-960602E8A1BF}.AppStore|x64.Build.0 = Release|Any CPU
		{5522EA03-0204-4194-AAFA-960602E8A1BF}.AppStore|x64.Deploy.0 = Release|Any CPU
		{5522EA03-0204-4194-AAFA-960602E8A1BF}.AppStore|x86.ActiveCfg = Release|x86
		{5522EA03-0204-4194-AAFA-960602E8A1BF}.AppStore|x86.Build.0 = Release|x86
		{5522EA03-0204-4194-AAFA-960602E8A1BF}.AppStore|x86.Deploy.0 = Release|x86
		{5522EA03-0204-4194-AAFA-960602E8A1BF}.Debug|Any CPU.ActiveCfg = Debug|Any CPU
		{5522EA03-0204-4194-AAFA-960602E8A1BF}.Debug|Any CPU.Build.0 = Debug|Any CPU
		{5522EA03-0204-4194-AAFA-960602E8A1BF}.Debug|Any CPU.Deploy.0 = Debug|Any CPU
		{5522EA03-0204-4194-AAFA-960602E8A1BF}.Debug|ARM.ActiveCfg = Debug|ARM
		{5522EA03-0204-4194-AAFA-960602E8A1BF}.Debug|ARM.Build.0 = Debug|ARM
		{5522EA03-0204-4194-AAFA-960602E8A1BF}.Debug|ARM.Deploy.0 = Debug|ARM
		{5522EA03-0204-4194-AAFA-960602E8A1BF}.Debug|iPhone.ActiveCfg = Debug|Any CPU
		{5522EA03-0204-4194-AAFA-960602E8A1BF}.Debug|iPhone.Build.0 = Debug|Any CPU
		{5522EA03-0204-4194-AAFA-960602E8A1BF}.Debug|iPhone.Deploy.0 = Debug|Any CPU
		{5522EA03-0204-4194-AAFA-960602E8A1BF}.Debug|iPhoneSimulator.ActiveCfg = Debug|Any CPU
		{5522EA03-0204-4194-AAFA-960602E8A1BF}.Debug|iPhoneSimulator.Build.0 = Debug|Any CPU
		{5522EA03-0204-4194-AAFA-960602E8A1BF}.Debug|iPhoneSimulator.Deploy.0 = Debug|Any CPU
		{5522EA03-0204-4194-AAFA-960602E8A1BF}.Debug|x64.ActiveCfg = Debug|Any CPU
		{5522EA03-0204-4194-AAFA-960602E8A1BF}.Debug|x64.Build.0 = Debug|Any CPU
		{5522EA03-0204-4194-AAFA-960602E8A1BF}.Debug|x64.Deploy.0 = Debug|Any CPU
		{5522EA03-0204-4194-AAFA-960602E8A1BF}.Debug|x86.ActiveCfg = Debug|x86
		{5522EA03-0204-4194-AAFA-960602E8A1BF}.Debug|x86.Build.0 = Debug|x86
		{5522EA03-0204-4194-AAFA-960602E8A1BF}.Debug|x86.Deploy.0 = Debug|x86
		{5522EA03-0204-4194-AAFA-960602E8A1BF}.Release|Any CPU.ActiveCfg = Release|Any CPU
		{5522EA03-0204-4194-AAFA-960602E8A1BF}.Release|Any CPU.Build.0 = Release|Any CPU
		{5522EA03-0204-4194-AAFA-960602E8A1BF}.Release|Any CPU.Deploy.0 = Release|Any CPU
		{5522EA03-0204-4194-AAFA-960602E8A1BF}.Release|ARM.ActiveCfg = Release|ARM
		{5522EA03-0204-4194-AAFA-960602E8A1BF}.Release|ARM.Build.0 = Release|ARM
		{5522EA03-0204-4194-AAFA-960602E8A1BF}.Release|ARM.Deploy.0 = Release|ARM
		{5522EA03-0204-4194-AAFA-960602E8A1BF}.Release|iPhone.ActiveCfg = Release|Any CPU
		{5522EA03-0204-4194-AAFA-960602E8A1BF}.Release|iPhone.Build.0 = Release|Any CPU
		{5522EA03-0204-4194-AAFA-960602E8A1BF}.Release|iPhone.Deploy.0 = Release|Any CPU
		{5522EA03-0204-4194-AAFA-960602E8A1BF}.Release|iPhoneSimulator.ActiveCfg = Release|Any CPU
		{5522EA03-0204-4194-AAFA-960602E8A1BF}.Release|iPhoneSimulator.Build.0 = Release|Any CPU
		{5522EA03-0204-4194-AAFA-960602E8A1BF}.Release|iPhoneSimulator.Deploy.0 = Release|Any CPU
		{5522EA03-0204-4194-AAFA-960602E8A1BF}.Release|x64.ActiveCfg = Release|Any CPU
		{5522EA03-0204-4194-AAFA-960602E8A1BF}.Release|x64.Build.0 = Release|Any CPU
		{5522EA03-0204-4194-AAFA-960602E8A1BF}.Release|x64.Deploy.0 = Release|Any CPU
		{5522EA03-0204-4194-AAFA-960602E8A1BF}.Release|x86.ActiveCfg = Release|x86
		{5522EA03-0204-4194-AAFA-960602E8A1BF}.Release|x86.Build.0 = Release|x86
		{5522EA03-0204-4194-AAFA-960602E8A1BF}.Release|x86.Deploy.0 = Release|x86
		{6BB1A5A3-FA35-4D9C-8872-B23301CA49B8}.Ad-Hoc|Any CPU.ActiveCfg = Release|x86
		{6BB1A5A3-FA35-4D9C-8872-B23301CA49B8}.Ad-Hoc|Any CPU.Build.0 = Release|x86
		{6BB1A5A3-FA35-4D9C-8872-B23301CA49B8}.Ad-Hoc|Any CPU.Deploy.0 = Release|x86
		{6BB1A5A3-FA35-4D9C-8872-B23301CA49B8}.Ad-Hoc|ARM.ActiveCfg = Release|ARM
		{6BB1A5A3-FA35-4D9C-8872-B23301CA49B8}.Ad-Hoc|ARM.Build.0 = Release|ARM
		{6BB1A5A3-FA35-4D9C-8872-B23301CA49B8}.Ad-Hoc|ARM.Deploy.0 = Release|ARM
		{6BB1A5A3-FA35-4D9C-8872-B23301CA49B8}.Ad-Hoc|iPhone.ActiveCfg = Release|x86
		{6BB1A5A3-FA35-4D9C-8872-B23301CA49B8}.Ad-Hoc|iPhone.Build.0 = Release|x86
		{6BB1A5A3-FA35-4D9C-8872-B23301CA49B8}.Ad-Hoc|iPhone.Deploy.0 = Release|x86
		{6BB1A5A3-FA35-4D9C-8872-B23301CA49B8}.Ad-Hoc|iPhoneSimulator.ActiveCfg = Release|x86
		{6BB1A5A3-FA35-4D9C-8872-B23301CA49B8}.Ad-Hoc|iPhoneSimulator.Build.0 = Release|x86
		{6BB1A5A3-FA35-4D9C-8872-B23301CA49B8}.Ad-Hoc|iPhoneSimulator.Deploy.0 = Release|x86
		{6BB1A5A3-FA35-4D9C-8872-B23301CA49B8}.Ad-Hoc|x64.ActiveCfg = Release|x64
		{6BB1A5A3-FA35-4D9C-8872-B23301CA49B8}.Ad-Hoc|x64.Build.0 = Release|x64
		{6BB1A5A3-FA35-4D9C-8872-B23301CA49B8}.Ad-Hoc|x64.Deploy.0 = Release|x64
		{6BB1A5A3-FA35-4D9C-8872-B23301CA49B8}.Ad-Hoc|x86.ActiveCfg = Release|x86
		{6BB1A5A3-FA35-4D9C-8872-B23301CA49B8}.Ad-Hoc|x86.Build.0 = Release|x86
		{6BB1A5A3-FA35-4D9C-8872-B23301CA49B8}.Ad-Hoc|x86.Deploy.0 = Release|x86
		{6BB1A5A3-FA35-4D9C-8872-B23301CA49B8}.AppStore|Any CPU.ActiveCfg = Release|x86
		{6BB1A5A3-FA35-4D9C-8872-B23301CA49B8}.AppStore|Any CPU.Build.0 = Release|x86
		{6BB1A5A3-FA35-4D9C-8872-B23301CA49B8}.AppStore|Any CPU.Deploy.0 = Release|x86
		{6BB1A5A3-FA35-4D9C-8872-B23301CA49B8}.AppStore|ARM.ActiveCfg = Release|ARM
		{6BB1A5A3-FA35-4D9C-8872-B23301CA49B8}.AppStore|ARM.Build.0 = Release|ARM
		{6BB1A5A3-FA35-4D9C-8872-B23301CA49B8}.AppStore|ARM.Deploy.0 = Release|ARM
		{6BB1A5A3-FA35-4D9C-8872-B23301CA49B8}.AppStore|iPhone.ActiveCfg = Release|x86
		{6BB1A5A3-FA35-4D9C-8872-B23301CA49B8}.AppStore|iPhone.Build.0 = Release|x86
		{6BB1A5A3-FA35-4D9C-8872-B23301CA49B8}.AppStore|iPhone.Deploy.0 = Release|x86
		{6BB1A5A3-FA35-4D9C-8872-B23301CA49B8}.AppStore|iPhoneSimulator.ActiveCfg = Release|x86
		{6BB1A5A3-FA35-4D9C-8872-B23301CA49B8}.AppStore|iPhoneSimulator.Build.0 = Release|x86
		{6BB1A5A3-FA35-4D9C-8872-B23301CA49B8}.AppStore|iPhoneSimulator.Deploy.0 = Release|x86
		{6BB1A5A3-FA35-4D9C-8872-B23301CA49B8}.AppStore|x64.ActiveCfg = Release|x64
		{6BB1A5A3-FA35-4D9C-8872-B23301CA49B8}.AppStore|x64.Build.0 = Release|x64
		{6BB1A5A3-FA35-4D9C-8872-B23301CA49B8}.AppStore|x64.Deploy.0 = Release|x64
		{6BB1A5A3-FA35-4D9C-8872-B23301CA49B8}.AppStore|x86.ActiveCfg = Release|x86
		{6BB1A5A3-FA35-4D9C-8872-B23301CA49B8}.AppStore|x86.Build.0 = Release|x86
		{6BB1A5A3-FA35-4D9C-8872-B23301CA49B8}.AppStore|x86.Deploy.0 = Release|x86
		{6BB1A5A3-FA35-4D9C-8872-B23301CA49B8}.Debug|Any CPU.ActiveCfg = Debug|x86
		{6BB1A5A3-FA35-4D9C-8872-B23301CA49B8}.Debug|ARM.ActiveCfg = Debug|ARM
		{6BB1A5A3-FA35-4D9C-8872-B23301CA49B8}.Debug|ARM.Build.0 = Debug|ARM
		{6BB1A5A3-FA35-4D9C-8872-B23301CA49B8}.Debug|ARM.Deploy.0 = Debug|ARM
		{6BB1A5A3-FA35-4D9C-8872-B23301CA49B8}.Debug|iPhone.ActiveCfg = Debug|x86
		{6BB1A5A3-FA35-4D9C-8872-B23301CA49B8}.Debug|iPhoneSimulator.ActiveCfg = Debug|x86
		{6BB1A5A3-FA35-4D9C-8872-B23301CA49B8}.Debug|x64.ActiveCfg = Debug|x64
		{6BB1A5A3-FA35-4D9C-8872-B23301CA49B8}.Debug|x64.Build.0 = Debug|x64
		{6BB1A5A3-FA35-4D9C-8872-B23301CA49B8}.Debug|x64.Deploy.0 = Debug|x64
		{6BB1A5A3-FA35-4D9C-8872-B23301CA49B8}.Debug|x86.ActiveCfg = Debug|x86
		{6BB1A5A3-FA35-4D9C-8872-B23301CA49B8}.Debug|x86.Build.0 = Debug|x86
		{6BB1A5A3-FA35-4D9C-8872-B23301CA49B8}.Debug|x86.Deploy.0 = Debug|x86
		{6BB1A5A3-FA35-4D9C-8872-B23301CA49B8}.Release|Any CPU.ActiveCfg = Release|x86
		{6BB1A5A3-FA35-4D9C-8872-B23301CA49B8}.Release|ARM.ActiveCfg = Release|ARM
		{6BB1A5A3-FA35-4D9C-8872-B23301CA49B8}.Release|ARM.Build.0 = Release|ARM
		{6BB1A5A3-FA35-4D9C-8872-B23301CA49B8}.Release|ARM.Deploy.0 = Release|ARM
		{6BB1A5A3-FA35-4D9C-8872-B23301CA49B8}.Release|iPhone.ActiveCfg = Release|x86
		{6BB1A5A3-FA35-4D9C-8872-B23301CA49B8}.Release|iPhoneSimulator.ActiveCfg = Release|x86
		{6BB1A5A3-FA35-4D9C-8872-B23301CA49B8}.Release|x64.ActiveCfg = Release|x64
		{6BB1A5A3-FA35-4D9C-8872-B23301CA49B8}.Release|x64.Build.0 = Release|x64
		{6BB1A5A3-FA35-4D9C-8872-B23301CA49B8}.Release|x64.Deploy.0 = Release|x64
		{6BB1A5A3-FA35-4D9C-8872-B23301CA49B8}.Release|x86.ActiveCfg = Release|x86
		{6BB1A5A3-FA35-4D9C-8872-B23301CA49B8}.Release|x86.Build.0 = Release|x86
		{6BB1A5A3-FA35-4D9C-8872-B23301CA49B8}.Release|x86.Deploy.0 = Release|x86
		{CCDA1257-CB4B-4628-968B-2ABF3F3858C9}.Ad-Hoc|Any CPU.ActiveCfg = Release|Any CPU
		{CCDA1257-CB4B-4628-968B-2ABF3F3858C9}.Ad-Hoc|Any CPU.Build.0 = Release|Any CPU
		{CCDA1257-CB4B-4628-968B-2ABF3F3858C9}.Ad-Hoc|Any CPU.Deploy.0 = Release|Any CPU
		{CCDA1257-CB4B-4628-968B-2ABF3F3858C9}.Ad-Hoc|ARM.ActiveCfg = Release|ARM
		{CCDA1257-CB4B-4628-968B-2ABF3F3858C9}.Ad-Hoc|ARM.Build.0 = Release|ARM
		{CCDA1257-CB4B-4628-968B-2ABF3F3858C9}.Ad-Hoc|ARM.Deploy.0 = Release|ARM
		{CCDA1257-CB4B-4628-968B-2ABF3F3858C9}.Ad-Hoc|iPhone.ActiveCfg = Release|Any CPU
		{CCDA1257-CB4B-4628-968B-2ABF3F3858C9}.Ad-Hoc|iPhone.Build.0 = Release|Any CPU
		{CCDA1257-CB4B-4628-968B-2ABF3F3858C9}.Ad-Hoc|iPhone.Deploy.0 = Release|Any CPU
		{CCDA1257-CB4B-4628-968B-2ABF3F3858C9}.Ad-Hoc|iPhoneSimulator.ActiveCfg = Release|Any CPU
		{CCDA1257-CB4B-4628-968B-2ABF3F3858C9}.Ad-Hoc|iPhoneSimulator.Build.0 = Release|Any CPU
		{CCDA1257-CB4B-4628-968B-2ABF3F3858C9}.Ad-Hoc|iPhoneSimulator.Deploy.0 = Release|Any CPU
		{CCDA1257-CB4B-4628-968B-2ABF3F3858C9}.Ad-Hoc|x64.ActiveCfg = Release|x64
		{CCDA1257-CB4B-4628-968B-2ABF3F3858C9}.Ad-Hoc|x64.Build.0 = Release|x64
		{CCDA1257-CB4B-4628-968B-2ABF3F3858C9}.Ad-Hoc|x64.Deploy.0 = Release|x64
		{CCDA1257-CB4B-4628-968B-2ABF3F3858C9}.Ad-Hoc|x86.ActiveCfg = Release|x86
		{CCDA1257-CB4B-4628-968B-2ABF3F3858C9}.Ad-Hoc|x86.Build.0 = Release|x86
		{CCDA1257-CB4B-4628-968B-2ABF3F3858C9}.Ad-Hoc|x86.Deploy.0 = Release|x86
		{CCDA1257-CB4B-4628-968B-2ABF3F3858C9}.AppStore|Any CPU.ActiveCfg = Release|Any CPU
		{CCDA1257-CB4B-4628-968B-2ABF3F3858C9}.AppStore|Any CPU.Build.0 = Release|Any CPU
		{CCDA1257-CB4B-4628-968B-2ABF3F3858C9}.AppStore|Any CPU.Deploy.0 = Release|Any CPU
		{CCDA1257-CB4B-4628-968B-2ABF3F3858C9}.AppStore|ARM.ActiveCfg = Release|ARM
		{CCDA1257-CB4B-4628-968B-2ABF3F3858C9}.AppStore|ARM.Build.0 = Release|ARM
		{CCDA1257-CB4B-4628-968B-2ABF3F3858C9}.AppStore|ARM.Deploy.0 = Release|ARM
		{CCDA1257-CB4B-4628-968B-2ABF3F3858C9}.AppStore|iPhone.ActiveCfg = Release|Any CPU
		{CCDA1257-CB4B-4628-968B-2ABF3F3858C9}.AppStore|iPhone.Build.0 = Release|Any CPU
		{CCDA1257-CB4B-4628-968B-2ABF3F3858C9}.AppStore|iPhone.Deploy.0 = Release|Any CPU
		{CCDA1257-CB4B-4628-968B-2ABF3F3858C9}.AppStore|iPhoneSimulator.ActiveCfg = Release|Any CPU
		{CCDA1257-CB4B-4628-968B-2ABF3F3858C9}.AppStore|iPhoneSimulator.Build.0 = Release|Any CPU
		{CCDA1257-CB4B-4628-968B-2ABF3F3858C9}.AppStore|iPhoneSimulator.Deploy.0 = Release|Any CPU
		{CCDA1257-CB4B-4628-968B-2ABF3F3858C9}.AppStore|x64.ActiveCfg = Release|x64
		{CCDA1257-CB4B-4628-968B-2ABF3F3858C9}.AppStore|x64.Build.0 = Release|x64
		{CCDA1257-CB4B-4628-968B-2ABF3F3858C9}.AppStore|x64.Deploy.0 = Release|x64
		{CCDA1257-CB4B-4628-968B-2ABF3F3858C9}.AppStore|x86.ActiveCfg = Release|x86
		{CCDA1257-CB4B-4628-968B-2ABF3F3858C9}.AppStore|x86.Build.0 = Release|x86
		{CCDA1257-CB4B-4628-968B-2ABF3F3858C9}.AppStore|x86.Deploy.0 = Release|x86
		{CCDA1257-CB4B-4628-968B-2ABF3F3858C9}.Debug|Any CPU.ActiveCfg = Debug|Any CPU
		{CCDA1257-CB4B-4628-968B-2ABF3F3858C9}.Debug|Any CPU.Build.0 = Debug|Any CPU
		{CCDA1257-CB4B-4628-968B-2ABF3F3858C9}.Debug|Any CPU.Deploy.0 = Debug|Any CPU
		{CCDA1257-CB4B-4628-968B-2ABF3F3858C9}.Debug|ARM.ActiveCfg = Debug|ARM
		{CCDA1257-CB4B-4628-968B-2ABF3F3858C9}.Debug|ARM.Build.0 = Debug|ARM
		{CCDA1257-CB4B-4628-968B-2ABF3F3858C9}.Debug|ARM.Deploy.0 = Debug|ARM
		{CCDA1257-CB4B-4628-968B-2ABF3F3858C9}.Debug|iPhone.ActiveCfg = Debug|Any CPU
		{CCDA1257-CB4B-4628-968B-2ABF3F3858C9}.Debug|iPhone.Build.0 = Debug|Any CPU
		{CCDA1257-CB4B-4628-968B-2ABF3F3858C9}.Debug|iPhone.Deploy.0 = Debug|Any CPU
		{CCDA1257-CB4B-4628-968B-2ABF3F3858C9}.Debug|iPhoneSimulator.ActiveCfg = Debug|Any CPU
		{CCDA1257-CB4B-4628-968B-2ABF3F3858C9}.Debug|iPhoneSimulator.Build.0 = Debug|Any CPU
		{CCDA1257-CB4B-4628-968B-2ABF3F3858C9}.Debug|iPhoneSimulator.Deploy.0 = Debug|Any CPU
		{CCDA1257-CB4B-4628-968B-2ABF3F3858C9}.Debug|x64.ActiveCfg = Debug|x64
		{CCDA1257-CB4B-4628-968B-2ABF3F3858C9}.Debug|x64.Build.0 = Debug|x64
		{CCDA1257-CB4B-4628-968B-2ABF3F3858C9}.Debug|x64.Deploy.0 = Debug|x64
		{CCDA1257-CB4B-4628-968B-2ABF3F3858C9}.Debug|x86.ActiveCfg = Debug|x86
		{CCDA1257-CB4B-4628-968B-2ABF3F3858C9}.Debug|x86.Build.0 = Debug|x86
		{CCDA1257-CB4B-4628-968B-2ABF3F3858C9}.Debug|x86.Deploy.0 = Debug|x86
		{CCDA1257-CB4B-4628-968B-2ABF3F3858C9}.Release|Any CPU.ActiveCfg = Release|Any CPU
		{CCDA1257-CB4B-4628-968B-2ABF3F3858C9}.Release|Any CPU.Build.0 = Release|Any CPU
		{CCDA1257-CB4B-4628-968B-2ABF3F3858C9}.Release|Any CPU.Deploy.0 = Release|Any CPU
		{CCDA1257-CB4B-4628-968B-2ABF3F3858C9}.Release|ARM.ActiveCfg = Release|ARM
		{CCDA1257-CB4B-4628-968B-2ABF3F3858C9}.Release|ARM.Build.0 = Release|ARM
		{CCDA1257-CB4B-4628-968B-2ABF3F3858C9}.Release|ARM.Deploy.0 = Release|ARM
		{CCDA1257-CB4B-4628-968B-2ABF3F3858C9}.Release|iPhone.ActiveCfg = Release|Any CPU
		{CCDA1257-CB4B-4628-968B-2ABF3F3858C9}.Release|iPhone.Build.0 = Release|Any CPU
		{CCDA1257-CB4B-4628-968B-2ABF3F3858C9}.Release|iPhone.Deploy.0 = Release|Any CPU
		{CCDA1257-CB4B-4628-968B-2ABF3F3858C9}.Release|iPhoneSimulator.ActiveCfg = Release|Any CPU
		{CCDA1257-CB4B-4628-968B-2ABF3F3858C9}.Release|iPhoneSimulator.Build.0 = Release|Any CPU
		{CCDA1257-CB4B-4628-968B-2ABF3F3858C9}.Release|iPhoneSimulator.Deploy.0 = Release|Any CPU
		{CCDA1257-CB4B-4628-968B-2ABF3F3858C9}.Release|x64.ActiveCfg = Release|x64
		{CCDA1257-CB4B-4628-968B-2ABF3F3858C9}.Release|x64.Build.0 = Release|x64
		{CCDA1257-CB4B-4628-968B-2ABF3F3858C9}.Release|x64.Deploy.0 = Release|x64
		{CCDA1257-CB4B-4628-968B-2ABF3F3858C9}.Release|x86.ActiveCfg = Release|x86
		{CCDA1257-CB4B-4628-968B-2ABF3F3858C9}.Release|x86.Build.0 = Release|x86
		{CCDA1257-CB4B-4628-968B-2ABF3F3858C9}.Release|x86.Deploy.0 = Release|x86
	EndGlobalSection
	GlobalSection(SolutionProperties) = preSolution
		HideSolutionNode = FALSE
	EndGlobalSection
EndGlobal
