
Microsoft Visual Studio Solution File, Format Version 12.00
# Visual Studio 2012
Project("{FAE04EC0-301F-11D3-BF4B-00C04F79EFBC}") = "TipCalculator", "TipCalculator\TipCalculator.csproj", "{28D03609-14AB-4D26-8FCE-C881FBADB712}"
EndProject
Project("{FAE04EC0-301F-11D3-BF4B-00C04F79EFBC}") = "TipCalculator.UITests", "TipCalculator.UITests\TipCalculator.UITests.csproj", "{9BCC194F-3B37-41AE-9B42-FA9AADE42086}"
EndProject
Global
	GlobalSection(SolutionConfigurationPlatforms) = preSolution
		Debug|Any CPU = Debug|Any CPU
		Release|Any CPU = Release|Any CPU
	EndGlobalSection
	GlobalSection(ProjectConfigurationPlatforms) = postSolution
		{28D03609-14AB-4D26-8FCE-C881FBADB712}.Debug|Any CPU.ActiveCfg = Debug|Any CPU
		{28D03609-14AB-4D26-8FCE-C881FBADB712}.Debug|Any CPU.Build.0 = Debug|Any CPU
		{28D03609-14AB-4D26-8FCE-C881FBADB712}.Release|Any CPU.ActiveCfg = Release|Any CPU
		{28D03609-14AB-4D26-8FCE-C881FBADB712}.Release|Any CPU.Build.0 = Release|Any CPU
		{9BCC194F-3B37-41AE-9B42-FA9AADE42086}.Debug|Any CPU.ActiveCfg = Debug|Any CPU
		{9BCC194F-3B37-41AE-9B42-FA9AADE42086}.Debug|Any CPU.Build.0 = Debug|Any CPU
		{9BCC194F-3B37-41AE-9B42-FA9AADE42086}.Release|Any CPU.ActiveCfg = Release|Any CPU
		{9BCC194F-3B37-41AE-9B42-FA9AADE42086}.Release|Any CPU.Build.0 = Release|Any CPU
	EndGlobalSection
EndGlobal
